
Microsoft Visual Studio Solution File, Format Version 12.00
# Visual Studio Version 16
VisualStudioVersion = 16.0.29728.190
MinimumVisualStudioVersion = 15.0.26124.0
Project("{9A19103F-16F7-4668-BE54-9A1E7A4F7556}") = "Gobie74.AzureStorage", "src\Gobie74.AzureStorage.csproj", "{F5B344D1-21AE-44D9-9D9E-752E2452651C}"
EndProject
Project("{2150E333-8FDC-42A3-9474-1A3956D46DE8}") = "Solution Items", "Solution Items", "{951ABC02-7677-4F6F-A21A-2B91839D56AA}"
	ProjectSection(SolutionItems) = preProject
		.editorconfig = .editorconfig
		README.md = README.md
	EndProjectSection
EndProject
Project("{FAE04EC0-301F-11D3-BF4B-00C04F79EFBC}") = "Gobie74.AzureStorage.Tests", "test\Gobie74.AzureStorage.Tests.csproj", "{456D93B1-0B1C-4F3B-ABC9-543AB7D34DCF}"
EndProject
Global
	GlobalSection(SolutionConfigurationPlatforms) = preSolution
		Debug|Any CPU = Debug|Any CPU
		Debug|x64 = Debug|x64
		Debug|x86 = Debug|x86
		Release|Any CPU = Release|Any CPU
		Release|x64 = Release|x64
		Release|x86 = Release|x86
	EndGlobalSection
	GlobalSection(ProjectConfigurationPlatforms) = postSolution
		{F5B344D1-21AE-44D9-9D9E-752E2452651C}.Debug|Any CPU.ActiveCfg = Debug|Any CPU
		{F5B344D1-21AE-44D9-9D9E-752E2452651C}.Debug|Any CPU.Build.0 = Debug|Any CPU
		{F5B344D1-21AE-44D9-9D9E-752E2452651C}.Debug|x64.ActiveCfg = Debug|Any CPU
		{F5B344D1-21AE-44D9-9D9E-752E2452651C}.Debug|x64.Build.0 = Debug|Any CPU
		{F5B344D1-21AE-44D9-9D9E-752E2452651C}.Debug|x86.ActiveCfg = Debug|Any CPU
		{F5B344D1-21AE-44D9-9D9E-752E2452651C}.Debug|x86.Build.0 = Debug|Any CPU
		{F5B344D1-21AE-44D9-9D9E-752E2452651C}.Release|Any CPU.ActiveCfg = Release|Any CPU
		{F5B344D1-21AE-44D9-9D9E-752E2452651C}.Release|Any CPU.Build.0 = Release|Any CPU
		{F5B344D1-21AE-44D9-9D9E-752E2452651C}.Release|x64.ActiveCfg = Release|Any CPU
		{F5B344D1-21AE-44D9-9D9E-752E2452651C}.Release|x64.Build.0 = Release|Any CPU
		{F5B344D1-21AE-44D9-9D9E-752E2452651C}.Release|x86.ActiveCfg = Release|Any CPU
		{F5B344D1-21AE-44D9-9D9E-752E2452651C}.Release|x86.Build.0 = Release|Any CPU
		{456D93B1-0B1C-4F3B-ABC9-543AB7D34DCF}.Debug|Any CPU.ActiveCfg = Debug|Any CPU
		{456D93B1-0B1C-4F3B-ABC9-543AB7D34DCF}.Debug|Any CPU.Build.0 = Debug|Any CPU
		{456D93B1-0B1C-4F3B-ABC9-543AB7D34DCF}.Debug|x64.ActiveCfg = Debug|Any CPU
		{456D93B1-0B1C-4F3B-ABC9-543AB7D34DCF}.Debug|x64.Build.0 = Debug|Any CPU
		{456D93B1-0B1C-4F3B-ABC9-543AB7D34DCF}.Debug|x86.ActiveCfg = Debug|Any CPU
		{456D93B1-0B1C-4F3B-ABC9-543AB7D34DCF}.Debug|x86.Build.0 = Debug|Any CPU
		{456D93B1-0B1C-4F3B-ABC9-543AB7D34DCF}.Release|Any CPU.ActiveCfg = Release|Any CPU
		{456D93B1-0B1C-4F3B-ABC9-543AB7D34DCF}.Release|Any CPU.Build.0 = Release|Any CPU
		{456D93B1-0B1C-4F3B-ABC9-543AB7D34DCF}.Release|x64.ActiveCfg = Release|Any CPU
		{456D93B1-0B1C-4F3B-ABC9-543AB7D34DCF}.Release|x64.Build.0 = Release|Any CPU
		{456D93B1-0B1C-4F3B-ABC9-543AB7D34DCF}.Release|x86.ActiveCfg = Release|Any CPU
		{456D93B1-0B1C-4F3B-ABC9-543AB7D34DCF}.Release|x86.Build.0 = Release|Any CPU
	EndGlobalSection
	GlobalSection(SolutionProperties) = preSolution
		HideSolutionNode = FALSE
	EndGlobalSection
	GlobalSection(ExtensibilityGlobals) = postSolution
		SolutionGuid = {547978D9-2A9A-4DB5-A421-409AC2AE51BC}
	EndGlobalSection
EndGlobal
